{
    "_readme": [
        "This file locks the dependencies of your project to a known state",
        "Read more about it at https://getcomposer.org/doc/01-basic-usage.md#installing-dependencies",
        "This file is @generated automatically"
    ],
    "content-hash": "b4f2e46ece06c236c9bbf44dacbdcbc8",
    "packages": [
        {
            "name": "xenice/wp-framework",
            "version": "dev-master",
            "source": {
                "type": "git",
                "url": "https://github.com/xenice/wp-framework.git",
                "reference": "863423b6ad0d0fed1d6fe1be2aeea18a27a3454c"
            },
            "dist": {
                "type": "zip",
                "url": "https://api.github.com/repos/xenice/wp-framework/zipball/863423b6ad0d0fed1d6fe1be2aeea18a27a3454c",
                "reference": "863423b6ad0d0fed1d6fe1be2aeea18a27a3454c",
                "shasum": "",
                "mirrors": [
                    {
                        "url": "https://mirrors.aliyun.com/composer/dists/%package%/%reference%.%type%",
                        "preferred": true
                    }
                ]
            },
            "require": {
                "php": ">=7.0"
            },
            "type": "library",
            "autoload": {
                "psr-4": {
                    "xenice\\theme\\": "theme/",
                    "xenice\\model\\": "model/",
                    "xenice\\view\\": "view/",
                    "xenice\\option\\": "option/",
                    "xenice\\optimize\\": "optimize/",
                    "xenice\\mail\\": "mail/"
                },
                "files": [
                    "option/functions.php"
                ]
            },
            "notification-url": "https://packagist.org/downloads/",
            "authors": [
                {
                    "name": "xenice",
                    "email": "xenice@qq.com"
                }
            ],
            "description": "A core package for wordpress theme framework xenice",
            "time": "2020-01-06T01:46:43+00:00"
        },
        {
            "name": "xenice/wp-login",
            "version": "dev-master",
            "source": {
                "type": "git",
                "url": "https://github.com/xenice/wp-login.git",
                "reference": "edacea110aa4b95fbd96fac8c79e28e468f21159"
            },
            "dist": {
                "type": "zip",
                "url": "https://api.github.com/repos/xenice/wp-login/zipball/edacea110aa4b95fbd96fac8c79e28e468f21159",
                "reference": "edacea110aa4b95fbd96fac8c79e28e468f21159",
                "shasum": "",
                "mirrors": [
                    {
                        "url": "https://mirrors.aliyun.com/composer/dists/%package%/%reference%.%type%",
                        "preferred": true
                    }
                ]
            },
            "require": {
                "php": ">=7.0"
            },
            "type": "library",
            "autoload": {
                "psr-4": {
                    "xenice\\login\\": "src/"
                }
            },
            "notification-url": "https://packagist.org/downloads/",
            "authors": [
                {
                    "name": "xenice",
                    "email": "xenice@qq.com"
                }
            ],
            "description": "A social login package for the wordpress theme framework xenice",
            "time": "2020-01-06T01:23:54+00:00"
        }
    ],
    "packages-dev": [],
    "aliases": [],
    "minimum-stability": "dev",
    "stability-flags": {
        "xenice/wp-framework": 20,
        "xenice/wp-login": 20
    },
    "prefer-stable": false,
    "prefer-lowest": false,
    "platform": {
        "php": ">=7.0"
    },
    "platform-dev": []
}
